
Microsoft Visual Studio Solution File, Format Version 12.00
# Visual Studio Version 16
VisualStudioVersion = 16.0.29613.14
MinimumVisualStudioVersion = 10.0.40219.1
Project("{FAE04EC0-301F-11D3-BF4B-00C04F79EFBC}") = "Git_Hub_Profile", "Git_Hub_Profile\Git_Hub_Profile.csproj", "{233C6580-E09D-4F0F-B1BD-A2852AC6BE6F}"
EndProject
Global
	GlobalSection(SolutionConfigurationPlatforms) = preSolution
		Debug|Any CPU = Debug|Any CPU
		Release|Any CPU = Release|Any CPU
	EndGlobalSection
	GlobalSection(ProjectConfigurationPlatforms) = postSolution
		{233C6580-E09D-4F0F-B1BD-A2852AC6BE6F}.Debug|Any CPU.ActiveCfg = Debug|Any CPU
		{233C6580-E09D-4F0F-B1BD-A2852AC6BE6F}.Debug|Any CPU.Build.0 = Debug|Any CPU
		{233C6580-E09D-4F0F-B1BD-A2852AC6BE6F}.Release|Any CPU.ActiveCfg = Release|Any CPU
		{233C6580-E09D-4F0F-B1BD-A2852AC6BE6F}.Release|Any CPU.Build.0 = Release|Any CPU
	EndGlobalSection
	GlobalSection(SolutionProperties) = preSolution
		HideSolutionNode = FALSE
	EndGlobalSection
	GlobalSection(ExtensibilityGlobals) = postSolution
		SolutionGuid = {53C23F28-91EF-4A2B-8366-CDFF5A2006FC}
	EndGlobalSection
EndGlobal
